
Microsoft Visual Studio Solution File, Format Version 12.00
# Visual Studio Version 17
VisualStudioVersion = 17.14.36511.14 d17.14
MinimumVisualStudioVersion = 10.0.40219.1
Project("{FAE04EC0-301F-11D3-BF4B-00C04F79EFBC}") = "LiveAuthCore", "LiveAuthCore.csproj", "{E768B1FA-5F14-4786-B294-7828F37FA1D4}"
EndProject
Global
	GlobalSection(SolutionConfigurationPlatforms) = preSolution
		Debug|Any CPU = Debug|Any CPU
		Release|Any CPU = Release|Any CPU
	EndGlobalSection
	GlobalSection(ProjectConfigurationPlatforms) = postSolution
		{E768B1FA-5F14-4786-B294-7828F37FA1D4}.Debug|Any CPU.ActiveCfg = Debug|Any CPU
		{E768B1FA-5F14-4786-B294-7828F37FA1D4}.Debug|Any CPU.Build.0 = Debug|Any CPU
		{E768B1FA-5F14-4786-B294-7828F37FA1D4}.Release|Any CPU.ActiveCfg = Release|Any CPU
		{E768B1FA-5F14-4786-B294-7828F37FA1D4}.Release|Any CPU.Build.0 = Release|Any CPU
	EndGlobalSection
	GlobalSection(SolutionProperties) = preSolution
		HideSolutionNode = FALSE
	EndGlobalSection
	GlobalSection(ExtensibilityGlobals) = postSolution
		SolutionGuid = {B009FA2F-5ACF-4B54-894B-52B2E9A525B4}
	EndGlobalSection
EndGlobal
